Microsoft Visual Studio Solution File, Format Version 12.00
# Visual Studio 2012
Project("{FAE04EC0-301F-11D3-BF4B-00C04F79EFBC}") = "XanaduProject", "XanaduProject.csproj", "{53AC436A-20CC-4BD8-BEA6-1676646980DB}"
EndProject
Global
	GlobalSection(SolutionConfigurationPlatforms) = preSolution
	Debug|Any CPU = Debug|Any CPU
	ExportDebug|Any CPU = ExportDebug|Any CPU
	ExportRelease|Any CPU = ExportRelease|Any CPU
	EndGlobalSection
	GlobalSection(ProjectConfigurationPlatforms) = postSolution
		{53AC436A-20CC-4BD8-BEA6-1676646980DB}.Debug|Any CPU.ActiveCfg = Debug|Any CPU
		{53AC436A-20CC-4BD8-BEA6-1676646980DB}.Debug|Any CPU.Build.0 = Debug|Any CPU
		{53AC436A-20CC-4BD8-BEA6-1676646980DB}.ExportDebug|Any CPU.ActiveCfg = ExportDebug|Any CPU
		{53AC436A-20CC-4BD8-BEA6-1676646980DB}.ExportDebug|Any CPU.Build.0 = ExportDebug|Any CPU
		{53AC436A-20CC-4BD8-BEA6-1676646980DB}.ExportRelease|Any CPU.ActiveCfg = ExportRelease|Any CPU
		{53AC436A-20CC-4BD8-BEA6-1676646980DB}.ExportRelease|Any CPU.Build.0 = ExportRelease|Any CPU
	EndGlobalSection
EndGlobal
